{
  "version": 1,
  "dependencies": {
    "net10.0-windows7.0": {
      "BCnEncoder.Net": {
        "type": "Direct",
        "requested": "[2.*, )",
        "resolved": "2.3.0",
        "contentHash": "DJhHJiBJKXUXxlkkrv74ckzJb3wYxqIAZHjXD9G76kpsD0YyJOmqtNufHWEuJe0eH0tB1tCZn80/3JV2UVP7yQ==",
        "dependencies": {
          "CommunityToolkit.HighPerformance": "8.4.0"
        }
      },
      "BitMiracle.LibTiff.NET": {
        "type": "Direct",
        "requested": "[2.4.660, )",
        "resolved": "2.4.660",
        "contentHash": "Drd0fDFVrR3v19IJtqiDVnjgcVZoGlzFw/CYni1OQ5/xVYvjPNp18E9eu+dH/RmpIUw6Pn/JhE/H+Yc3kHI89A=="
      },
      "CommunityToolkit.HighPerformance": {
        "type": "Direct",
        "requested": "[8.*, )",
        "resolved": "8.4.2",
        "contentHash": "2hmtrrU18x6NL3mbuAqwy0KpnoEEJOuK6sH5RKQfD/jHijn2pqvqBUC7WGy9dgNBL9BDA7eOC0kirsNPMp2f4Q=="
      },
      "DalamudPackager": {
        "type": "Direct",
        "requested": "[15.0.0, )",
        "resolved": "15.0.0",
        "contentHash": "411vwC8/X8Z/sQ2TI6v3SvOn66xFPeOjFn3Zn+h0d3Ox2t1kFm66AhDvmx/qcMwVrR+Hidxj0dadpQ2dgyXMBQ=="
      },
      "DotNet.ReproducibleBuilds": {
        "type": "Direct",
        "requested": "[1.2.39, )",
        "resolved": "1.2.39",
        "contentHash": "fcFN01tDTIQqDuTwr1jUQK/geofiwjG5DycJQOnC72i1SsLAk1ELe+apBOuZ11UMQG8YKFZG1FgvjZPbqHyatg=="
      },
      "StbImageSharp": {
        "type": "Direct",
        "requested": "[2.*, )",
        "resolved": "2.30.15",
        "contentHash": "7QqbupVhz2kcFUPTgMw4iHR9rYDHGundzzee19Mwmd1typ2Lnv8EVJcLJxlkeBM2+4ex0NwsMtdbGSJctp1XCQ=="
      },
      "StbImageWriteSharp": {
        "type": "Direct",
        "requested": "[1.16.7, )",
        "resolved": "1.16.7",
        "contentHash": "NF9kOxi0iS9VunklnRKgOpAWC2knCGKRjdy7RT6XAqYNyb7LQfyPHPdl4l1fJw7TFYKrGQzQOmK1XpBONC2MoA=="
      },
      "glamourer.api": {
        "type": "Project"
      },
      "penumbra.api": {
        "type": "Project"
      }
    },
    "net10.0-windows7.0/win-x64": {}
  }
}