{
  "version": 1,
  "dependencies": {
    "net10.0-windows7.0": {
      "DalamudPackager": {
        "type": "Direct",
        "requested": "[15.0.0, )",
        "resolved": "15.0.0",
        "contentHash": "411vwC8/X8Z/sQ2TI6v3SvOn66xFPeOjFn3Zn+h0d3Ox2t1kFm66AhDvmx/qcMwVrR+Hidxj0dadpQ2dgyXMBQ=="
      },
      "DotNet.ReproducibleBuilds": {
        "type": "Direct",
        "requested": "[1.2.39, )",
        "resolved": "1.2.39",
        "contentHash": "fcFN01tDTIQqDuTwr1jUQK/geofiwjG5DycJQOnC72i1SsLAk1ELe+apBOuZ11UMQG8YKFZG1FgvjZPbqHyatg=="
      },
      "StbImageSharp": {
        "type": "Direct",
        "requested": "[2.*, )",
        "resolved": "2.30.15",
        "contentHash": "7QqbupVhz2kcFUPTgMw4iHR9rYDHGundzzee19Mwmd1typ2Lnv8EVJcLJxlkeBM2+4ex0NwsMtdbGSJctp1XCQ=="
      },
      "StbImageWriteSharp": {
        "type": "Direct",
        "requested": "[1.16.7, )",
        "resolved": "1.16.7",
        "contentHash": "NF9kOxi0iS9VunklnRKgOpAWC2knCGKRjdy7RT6XAqYNyb7LQfyPHPdl4l1fJw7TFYKrGQzQOmK1XpBONC2MoA=="
      },
      "BCnEncoder.Net": {
        "type": "Transitive",
        "resolved": "2.2.1",
        "contentHash": "tI5+/OQo0kciLqWrViRjpOH+IL3FjexYnoWZajiGV41g/EM9CGbWsxsPzBDmpoxNkrV9uox/EtIhCIi9chBSFw==",
        "dependencies": {
          "CommunityToolkit.HighPerformance": "8.4.0"
        }
      },
      "CommunityToolkit.HighPerformance": {
        "type": "Transitive",
        "resolved": "8.4.0",
        "contentHash": "flxspiBs0G/0GMp7IK2J2ijV9bTG6hEwFc/z6ekHqB6nwRJ4Ry2yLdx+TkbCUYFCl4XhABkAwomeKbT6zM2Zlg=="
      },
      "Microsoft.Extensions.ObjectPool": {
        "type": "Transitive",
        "resolved": "10.0.0",
        "contentHash": "bpeCq0IYmVLACyEUMzFIOQX+zZUElG1t+nu1lSxthe7B+1oNYking7b91305+jNB6iwojp9fqTY9O+Nh7ULQxg=="
      },
      "lumina": {
        "type": "Project",
        "dependencies": {
          "BCnEncoder.Net": "[2.2.1, )",
          "Microsoft.Extensions.ObjectPool": "[10.0.0, )"
        }
      },
      "penumbra.api": {
        "type": "Project"
      }
    },
    "net10.0-windows7.0/win-x64": {}
  }
}